
Microsoft Visual Studio Solution File, Format Version 12.00
# Visual Studio Version 17
VisualStudioVersion = 17.9.34701.34
MinimumVisualStudioVersion = 10.0.40219.1
Project("{FAE04EC0-301F-11D3-BF4B-00C04F79EFBC}") = "TicTacToe", "TicTacToe.csproj", "{3B6BA5C2-6177-4F79-B3BD-A26FF69DD818}"
EndProject
Global
	GlobalSection(SolutionConfigurationPlatforms) = preSolution
		Debug|Any CPU = Debug|Any CPU
		Release|Any CPU = Release|Any CPU
	EndGlobalSection
	GlobalSection(ProjectConfigurationPlatforms) = postSolution
		{3B6BA5C2-6177-4F79-B3BD-A26FF69DD818}.Debug|Any CPU.ActiveCfg = Debug|Any CPU
		{3B6BA5C2-6177-4F79-B3BD-A26FF69DD818}.Debug|Any CPU.Build.0 = Debug|Any CPU
		{3B6BA5C2-6177-4F79-B3BD-A26FF69DD818}.Release|Any CPU.ActiveCfg = Release|Any CPU
		{3B6BA5C2-6177-4F79-B3BD-A26FF69DD818}.Release|Any CPU.Build.0 = Release|Any CPU
	EndGlobalSection
	GlobalSection(SolutionProperties) = preSolution
		HideSolutionNode = FALSE
	EndGlobalSection
	GlobalSection(ExtensibilityGlobals) = postSolution
		SolutionGuid = {E087E1AD-561C-4C58-A773-047D03CE9645}
	EndGlobalSection
EndGlobal
